lockfileVersion: '6.0'

settings:
  autoInstallPeers: true
  excludeLinksFromLockfile: false

dependencies:
  '@sentry/node':
    specifier: ^7.55.2
    version: 7.55.2

devDependencies:
  '@sentry/esbuild-plugin':
    specifier: 2.2.2
    version: 2.2.2
  dotenv:
    specifier: ^16.1.4
    version: 16.1.4
  esbuild:
    specifier: ^0.18.2
    version: 0.18.2

packages:

  /@esbuild/android-arm64@0.18.2:
    resolution: {integrity: sha512-1Y2pb0hLdmji8I0zBwNsYSDN7zJSQqufgLOuOsrrod00WEAgKywQR5MB/E046Is/YTP4bgcPS4BioaSDBaLaTg==}
    engines: {node: '>=12'}
    cpu: [arm64]
    os: [android]
    requiresBuild: true
    dev: true
    optional: true

  /@esbuild/android-arm@0.18.2:
    resolution: {integrity: sha512-YAnQBHlY0IvYtvY0avnXjI8ywW23emEjk5XExqbFmypath+Snq9MgY1IS47rnqBKVSqnl0ElDt221ZgaeRrkXg==}
    engines: {node: '>=12'}
    cpu: [arm]
    os: [android]
    requiresBuild: true
    dev: true
    optional: true

  /@esbuild/android-x64@0.18.2:
    resolution: {integrity: sha512-P047Mh3pj8uYVE3A/B3QDX6nG8dKbHLJ+48R6Y0CRXCJ5PkXJxdHOTaS8SYs6eSR3FFU6/YQ5TishQXVHX7F5A==}
    engines: {node: '>=12'}
    cpu: [x64]
    os: [android]
    requiresBuild: true
    dev: true
    optional: true

  /@esbuild/darwin-arm64@0.18.2:
    resolution: {integrity: sha512-a3Rkqd0tGVYMEKNy9SstWEdeBmM60l8FVD5o4rmwHr3xO1LbLqtCJSrWGbnf37hevo6m437mURVmpEHOmkXeTA==}
    engines: {node: '>=12'}
    cpu: [arm64]
    os: [darwin]
    requiresBuild: true
    dev: true
    optional: true

  /@esbuild/darwin-x64@0.18.2:
    resolution: {integrity: sha512-cvH58adz9L10JNsIcgtkWNS/1eutjRTi3rtWz1s3ZhR64BpdmkxJBAXE/UjqybyNAWLhaN8mPJdlYI2f+tQA7g==}
    engines: {node: '>=12'}
    cpu: [x64]
    os: [darwin]
    requiresBuild: true
    dev: true
    optional: true

  /@esbuild/freebsd-arm64@0.18.2:
    resolution: {integrity: sha512-68rGMGUdgmq+c5IvseCMqY4yaa2CAY/DIILMBA6bEU1caISF7fXnV69B1uU4s3ERuVDcasVVwiAFyNxCtkS6Zg==}
    engines: {node: '>=12'}
    cpu: [arm64]
    os: [freebsd]
    requiresBuild: true
    dev: true
    optional: true

  /@esbuild/freebsd-x64@0.18.2:
    resolution: {integrity: sha512-ZSR9On/rXoYuAtrXo5hYKy7OuZwKZyFh2rr6L3TX4UeR1tWLf84aLyAFt7e0tlRbh4zNgqFx+ePWmsSHw7L9Bw==}
    engines: {node: '>=12'}
    cpu: [x64]
    os: [freebsd]
    requiresBuild: true
    dev: true
    optional: true

  /@esbuild/linux-arm64@0.18.2:
    resolution: {integrity: sha512-DFKavAzbu/n9HXWuetxmYN10XnfzW7FgOgpcrGD8eXaiu77KdgB+OVWA83x9FtDYtsoFpfdlDuVFAQFfrhu77A==}
    engines: {node: '>=12'}
    cpu: [arm64]
    os: [linux]
    requiresBuild: true
    dev: true
    optional: true

  /@esbuild/linux-arm@0.18.2:
    resolution: {integrity: sha512-jAbA75qJ70T5AOdmw9X8675ppeRfj7j57sOypoZ4mQlfQ/LKF8eoeLzTYVo8+aqLKqeIIl0vQ4hKOB0FyG98Zg==}
    engines: {node: '>=12'}
    cpu: [arm]
    os: [linux]
    requiresBuild: true
    dev: true
    optional: true

  /@esbuild/linux-ia32@0.18.2:
    resolution: {integrity: sha512-VEaK3Z+vJyDwwPsP0sovaEw1foDzrMs7XQNYEIFkOwMjSe2BipKRKUUyrznil0p8qqsK7U8W+T7oNqZpgdnD2Q==}
    engines: {node: '>=12'}
    cpu: [ia32]
    os: [linux]
    requiresBuild: true
    dev: true
    optional: true

  /@esbuild/linux-loong64@0.18.2:
    resolution: {integrity: sha512-Af1uZdB0oeJo4PW67l9aw94oakSamFxhC6ltC2eDkndozd9QygVNMTF7s7uxTLjo+BJqyVqG9wjmLCYF1o4NmA==}
    engines: {node: '>=12'}
    cpu: [loong64]
    os: [linux]
    requiresBuild: true
    dev: true
    optional: true

  /@esbuild/linux-mips64el@0.18.2:
    resolution: {integrity: sha512-WcTbt61+9dREuOFKXac4Qg+3OuRhLxPL9lmkI2P7fGuq/fWS2qq+AvGGVLMyk+OtXGDjyQolcEDeYlRoOmjRYQ==}
    engines: {node: '>=12'}
    cpu: [mips64el]
    os: [linux]
    requiresBuild: true
    dev: true
    optional: true

  /@esbuild/linux-ppc64@0.18.2:
    resolution: {integrity: sha512-Ov+VHayvCPb52axma6+xm8QDawRjwHscPXedHg4U92DxlhKQ0H+6onRiC3J9kKI50p8pKKypprpCWrRrXjZN7Q==}
    engines: {node: '>=12'}
    cpu: [ppc64]
    os: [linux]
    requiresBuild: true
    dev: true
    optional: true

  /@esbuild/linux-riscv64@0.18.2:
    resolution: {integrity: sha512-qW37zzKKN9C5l5LnVDriOK0eZRzQeixhtrfd5C78PAsTE15GeHU9G0oyT/u/IkNjEBjXWpTZOOHKNbjhrvuL9g==}
    engines: {node: '>=12'}
    cpu: [riscv64]
    os: [linux]
    requiresBuild: true
    dev: true
    optional: true

  /@esbuild/linux-s390x@0.18.2:
    resolution: {integrity: sha512-izzEFMRO8LaQIlX22+fTgP5I7Os3T51mtAWsRNpZ5pMfQIa9PqtgFAoRcb10DV+/YkH/TMMxQIlevUvDS6E4vw==}
    engines: {node: '>=12'}
    cpu: [s390x]
    os: [linux]
    requiresBuild: true
    dev: true
    optional: true

  /@esbuild/linux-x64@0.18.2:
    resolution: {integrity: sha512-y5yqQ1ww4FfI9bQ1ZP/0k1rcgA6Ql2/AgzvqpowN0Q5tXDZkCavPdJbFXKrqA43vd1UTXt+AutTHYJ7km6e2Eg==}
    engines: {node: '>=12'}
    cpu: [x64]
    os: [linux]
    requiresBuild: true
    dev: true
    optional: true

  /@esbuild/netbsd-x64@0.18.2:
    resolution: {integrity: sha512-usNjpKFf83X4o60gdMD47NCblaSZ6DARf31/FyCzxOgnF80mJ+RhDs9RTqgyfH8KyduO5mjgInw9+ct286ayYA==}
    engines: {node: '>=12'}
    cpu: [x64]
    os: [netbsd]
    requiresBuild: true
    dev: true
    optional: true

  /@esbuild/openbsd-x64@0.18.2:
    resolution: {integrity: sha512-6urzy1+VwcPuhG+5jwHA8lD9E87E5+ey3qKw2EhRS+qUmMxLvfwP8szWC2JHVGZDPEDge6fgn0pBj+y9rxDLwQ==}
    engines: {node: '>=12'}
    cpu: [x64]
    os: [openbsd]
    requiresBuild: true
    dev: true
    optional: true

  /@esbuild/sunos-x64@0.18.2:
    resolution: {integrity: sha512-SMZPTACsvpKYAIl9o8nhnmMn6/lp62iMeV/2EBMtj+sW6dXwW9b0cLjihkBv4PG1CCRlwWKPZo43imqZxC95ZA==}
    engines: {node: '>=12'}
    cpu: [x64]
    os: [sunos]
    requiresBuild: true
    dev: true
    optional: true

  /@esbuild/win32-arm64@0.18.2:
    resolution: {integrity: sha512-H2zzjPdzSDNwUnZdZf9/xfm0CYqHFXuenCMAx+tRzIRqWUT6MmZ9/q7722KnAZ6uPpq0RLs7EjCIIfmt6CaRGg==}
    engines: {node: '>=12'}
    cpu: [arm64]
    os: [win32]
    requiresBuild: true
    dev: true
    optional: true

  /@esbuild/win32-ia32@0.18.2:
    resolution: {integrity: sha512-lfyjTN+FrKgvNvrH7nOLtaz58J/8coZOo4LQwgBMP4D7ZOurhvluXS3GjePLzq9GbWnJDZdKCKbMKhZPPcdJJA==}
    engines: {node: '>=12'}
    cpu: [ia32]
    os: [win32]
    requiresBuild: true
    dev: true
    optional: true

  /@esbuild/win32-x64@0.18.2:
    resolution: {integrity: sha512-Q4nIjqWXjxkELwd7kVepsJxbQ/6ERNsHpjz1j+IKjwSYw+g06U0RQOy5xh848AHvgr9itnGLa3cT2G5t0dBFsw==}
    engines: {node: '>=12'}
    cpu: [x64]
    os: [win32]
    requiresBuild: true
    dev: true
    optional: true

  /@jridgewell/sourcemap-codec@1.4.15:
    resolution: {integrity: sha512-eF2rxCRulEKXHTRiDrDy6erMYWqNw4LPdQ8UQA4huuxaQsVeRPFl2oM8oDGxMFhJUWZf9McpLtJasDDZb/Bpeg==}
    dev: true

  /@sentry-internal/tracing@7.53.1:
    resolution: {integrity: sha512-a4H4rvVdz0XDGgNfRqc7zg6rMt2P1P05xBmgfIfztYy94Vciw1QMdboNiT7einr8ra8wogdEaK4Pe2AzYAPBJQ==}
    engines: {node: '>=8'}
    dependencies:
      '@sentry/core': 7.53.1
      '@sentry/types': 7.53.1
      '@sentry/utils': 7.53.1
      tslib: 1.14.1
    dev: true

  /@sentry-internal/tracing@7.55.2:
    resolution: {integrity: sha512-yBW+R7NfwLrOjpwOJHoOSvGDDoM3ZKod5OKXi7Gd5tYqVm1mCaL0n2/wlNMcGTbPbulLBtgzjoTU1bPJAGhmYw==}
    engines: {node: '>=8'}
    dependencies:
      '@sentry/core': 7.55.2
      '@sentry/types': 7.55.2
      '@sentry/utils': 7.55.2
      tslib: 1.14.1
    dev: false

  /@sentry/bundler-plugin-core@2.2.2:
    resolution: {integrity: sha512-tbuy9eQjbbeen8mAi7gmpXAtj/9CQHjdVxHntjBJ3fsA/dvOTWHQrnGkAUe9xNU+dwQstclSMCEwE6N3h5wXKA==}
    engines: {node: '>= 10'}
    dependencies:
      '@sentry/cli': 2.19.0
      '@sentry/node': 7.53.1
      '@sentry/utils': 7.53.1
      find-up: 5.0.0
      glob: 9.3.2
      magic-string: 0.27.0
      unplugin: 1.0.1
    transitivePeerDependencies:
      - encoding
      - supports-color
    dev: true

  /@sentry/cli@2.19.0:
    resolution: {integrity: sha512-mbXkUtNBHQtfc3QGEm0yWJymmzZLyey5tnH8DOKpu3l8tu8HJjNiCVXlzzEkV4wJiorwmTGG+eNJ8+79wolG7Q==}
    engines: {node: '>= 10'}
    hasBin: true
    requiresBuild: true
    dependencies:
      https-proxy-agent: 5.0.1
      node-fetch: 2.6.11
      progress: 2.0.3
      proxy-from-env: 1.1.0
      which: 2.0.2
    transitivePeerDependencies:
      - encoding
      - supports-color
    dev: true

  /@sentry/core@7.53.1:
    resolution: {integrity: sha512-DAH8IJNORJJ7kQLqsZuhMkN6cwJjXzFuuUoZor7IIDHIHjtl51W+2F3Stg3+I3ZoKDfJfUNKqhipk2WZjG0FBg==}
    engines: {node: '>=8'}
    dependencies:
      '@sentry/types': 7.53.1
      '@sentry/utils': 7.53.1
      tslib: 1.14.1
    dev: true

  /@sentry/core@7.55.2:
    resolution: {integrity: sha512-clzQirownxqADv9+fopyMJTHzaoWedkN2+mi4ro1LxjLgROdXBFurMCC1nT+7cH/xvQ5gMIRkM/y/4gRtKy2Ew==}
    engines: {node: '>=8'}
    dependencies:
      '@sentry/types': 7.55.2
      '@sentry/utils': 7.55.2
      tslib: 1.14.1
    dev: false

  /@sentry/esbuild-plugin@2.2.2:
    resolution: {integrity: sha512-RG2f+V9FyY9FvNFZTVc+SpVbbEzqlJF2UKB03zhkyY1pt22KmWPw2PIq7gnIV+pxuX8GF08CjKii2FrQoJLPag==}
    engines: {node: '>= 10'}
    dependencies:
      '@sentry/bundler-plugin-core': 2.2.2
      unplugin: 1.0.1
      uuid: 9.0.0
    transitivePeerDependencies:
      - encoding
      - supports-color
    dev: true

  /@sentry/node@7.53.1:
    resolution: {integrity: sha512-B4ax8sRd54xj4ad+4eY2EOKNt0Mh1NjuLW1zUKS8HW3h0bmuaDFzGuhEVvEY5H4SaV6tZKj1c0dvnMnyUbYkhA==}
    engines: {node: '>=8'}
    dependencies:
      '@sentry-internal/tracing': 7.53.1
      '@sentry/core': 7.53.1
      '@sentry/types': 7.53.1
      '@sentry/utils': 7.53.1
      cookie: 0.4.2
      https-proxy-agent: 5.0.1
      lru_map: 0.3.3
      tslib: 1.14.1
    transitivePeerDependencies:
      - supports-color
    dev: true

  /@sentry/node@7.55.2:
    resolution: {integrity: sha512-43lGfMFFUD38Xerc4DqIuQkEOETHCh31JHUTI6r/gXdzmcKpWRscgH4nAcAUoCu+Myrv0fVXsOa12FM4DPfr8A==}
    engines: {node: '>=8'}
    dependencies:
      '@sentry-internal/tracing': 7.55.2
      '@sentry/core': 7.55.2
      '@sentry/types': 7.55.2
      '@sentry/utils': 7.55.2
      cookie: 0.4.2
      https-proxy-agent: 5.0.1
      lru_map: 0.3.3
      tslib: 1.14.1
    transitivePeerDependencies:
      - supports-color
    dev: false

  /@sentry/types@7.53.1:
    resolution: {integrity: sha512-/ijchRIu+jz3+j/zY+7KRPfLSCY14fTx5xujjbOdmEKjmIHQmwPBdszcQm40uwofrR8taV4hbt5MFN+WnjCkCw==}
    engines: {node: '>=8'}
    dev: true

  /@sentry/types@7.55.2:
    resolution: {integrity: sha512-mAtkA8wvUDrLjAAmy9tjn+NiXcxVz/ltbslTKaIW6JNgVRz5kMt1Ny8RJsgqaZqa4LFP8q+IvWw4Vd91kb57rA==}
    engines: {node: '>=8'}
    dev: false

  /@sentry/utils@7.53.1:
    resolution: {integrity: sha512-DKJA1LSUOEv4KOR828MzVuLh+drjeAgzyKgN063OEKmnirgjgRgNNS8wUgwpG0Tn2k6ANZGCwrdfzPeSBxshKg==}
    engines: {node: '>=8'}
    dependencies:
      '@sentry/types': 7.53.1
      tslib: 1.14.1
    dev: true

  /@sentry/utils@7.55.2:
    resolution: {integrity: sha512-Yv9XtbOESdN7bkK2AMrKsmKMF5OOVv5v5hVcOqXtSTw1t2oMAtRjXXqGpUo+TkdTOjeoX6dr19ozVFHaGvqHkw==}
    engines: {node: '>=8'}
    dependencies:
      '@sentry/types': 7.55.2
      tslib: 1.14.1
    dev: false

  /acorn@8.8.2:
    resolution: {integrity: sha512-xjIYgE8HBrkpd/sJqOGNspf8uHG+NOHGOw6a/Urj8taM2EXfdNAH2oFcPeIFfsv3+kz/mJrS5VuMqbNLjCa2vw==}
    engines: {node: '>=0.4.0'}
    hasBin: true
    dev: true

  /agent-base@6.0.2:
    resolution: {integrity: sha512-RZNwNclF7+MS/8bDg70amg32dyeZGZxiDuQmZxKLAlQjr3jGyLx+4Kkk58UO7D2QdgFIQCovuSuZESne6RG6XQ==}
    engines: {node: '>= 6.0.0'}
    dependencies:
      debug: 4.3.4
    transitivePeerDependencies:
      - supports-color

  /anymatch@3.1.3:
    resolution: {integrity: sha512-KMReFUr0B4t+D+OBkjR3KYqvocp2XaSzO55UcB6mgQMd3KbcE+mWTyvVV7D/zsdEbNnV6acZUutkiHQXvTr1Rw==}
    engines: {node: '>= 8'}
    dependencies:
      normalize-path: 3.0.0
      picomatch: 2.3.1
    dev: true

  /balanced-match@1.0.2:
    resolution: {integrity: sha512-3oSeUO0TMV67hN1AmbXsK4yaqU7tjiHlbxRDZOpH0KW9+CeX4bRAaX0Anxt0tx2MrpRpWwQaPwIlISEJhYU5Pw==}
    dev: true

  /binary-extensions@2.2.0:
    resolution: {integrity: sha512-jDctJ/IVQbZoJykoeHbhXpOlNBqGNcwXJKJog42E5HDPUwQTSdjCHdihjj0DlnheQ7blbT6dHOafNAiS8ooQKA==}
    engines: {node: '>=8'}
    dev: true

  /brace-expansion@2.0.1:
    resolution: {integrity: sha512-XnAIvQ8eM+kC6aULx6wuQiwVsnzsi9d3WxzV3FpWTGA19F621kwdbsAcFKXgKUHZWsy+mY6iL1sHTxWEFCytDA==}
    dependencies:
      balanced-match: 1.0.2
    dev: true

  /braces@3.0.2:
    resolution: {integrity: sha512-b8um+L1RzM3WDSzvhm6gIz1yfTbBt6YTlcEKAvsmqCZZFw46z626lVj9j1yEPW33H5H+lBQpZMP1k8l+78Ha0A==}
    engines: {node: '>=8'}
    dependencies:
      fill-range: 7.0.1
    dev: true

  /chokidar@3.5.3:
    resolution: {integrity: sha512-Dr3sfKRP6oTcjf2JmUmFJfeVMvXBdegxB0iVQ5eb2V10uFJUCAS8OByZdVAyVb8xXNz3GjjTgj9kLWsZTqE6kw==}
    engines: {node: '>= 8.10.0'}
    dependencies:
      anymatch: 3.1.3
      braces: 3.0.2
      glob-parent: 5.1.2
      is-binary-path: 2.1.0
      is-glob: 4.0.3
      normalize-path: 3.0.0
      readdirp: 3.6.0
    optionalDependencies:
      fsevents: 2.3.2
    dev: true

  /cookie@0.4.2:
    resolution: {integrity: sha512-aSWTXFzaKWkvHO1Ny/s+ePFpvKsPnjc551iI41v3ny/ow6tBG5Vd+FuqGNhh1LxOmVzOlGUriIlOaokOvhaStA==}
    engines: {node: '>= 0.6'}

  /debug@4.3.4:
    resolution: {integrity: sha512-PRWFHuSU3eDtQJPvnNY7Jcket1j0t5OuOsFzPPzsekD52Zl8qUfFIPEiswXqIvHWGVHOgX+7G/vCNNhehwxfkQ==}
    engines: {node: '>=6.0'}
    peerDependencies:
      supports-color: '*'
    peerDependenciesMeta:
      supports-color:
        optional: true
    dependencies:
      ms: 2.1.2

  /dotenv@16.1.4:
    resolution: {integrity: sha512-m55RtE8AsPeJBpOIFKihEmqUcoVncQIwo7x9U8ZwLEZw9ZpXboz2c+rvog+jUaJvVrZ5kBOeYQBX5+8Aa/OZQw==}
    engines: {node: '>=12'}
    dev: true

  /esbuild@0.18.2:
    resolution: {integrity: sha512-1P4sK9gXVcjvrrUjE94Hbo9goU+T6U1sdzLf+JJ+3uI6GEb4e4n3Wrqto9hZHUWabblpT2ifmC61LhZnLyTNFw==}
    engines: {node: '>=12'}
    hasBin: true
    requiresBuild: true
    optionalDependencies:
      '@esbuild/android-arm': 0.18.2
      '@esbuild/android-arm64': 0.18.2
      '@esbuild/android-x64': 0.18.2
      '@esbuild/darwin-arm64': 0.18.2
      '@esbuild/darwin-x64': 0.18.2
      '@esbuild/freebsd-arm64': 0.18.2
      '@esbuild/freebsd-x64': 0.18.2
      '@esbuild/linux-arm': 0.18.2
      '@esbuild/linux-arm64': 0.18.2
      '@esbuild/linux-ia32': 0.18.2
      '@esbuild/linux-loong64': 0.18.2
      '@esbuild/linux-mips64el': 0.18.2
      '@esbuild/linux-ppc64': 0.18.2
      '@esbuild/linux-riscv64': 0.18.2
      '@esbuild/linux-s390x': 0.18.2
      '@esbuild/linux-x64': 0.18.2
      '@esbuild/netbsd-x64': 0.18.2
      '@esbuild/openbsd-x64': 0.18.2
      '@esbuild/sunos-x64': 0.18.2
      '@esbuild/win32-arm64': 0.18.2
      '@esbuild/win32-ia32': 0.18.2
      '@esbuild/win32-x64': 0.18.2
    dev: true

  /fill-range@7.0.1:
    resolution: {integrity: sha512-qOo9F+dMUmC2Lcb4BbVvnKJxTPjCm+RRpe4gDuGrzkL7mEVl/djYSu2OdQ2Pa302N4oqkSg9ir6jaLWJ2USVpQ==}
    engines: {node: '>=8'}
    dependencies:
      to-regex-range: 5.0.1
    dev: true

  /find-up@5.0.0:
    resolution: {integrity: sha512-78/PXT1wlLLDgTzDs7sjq9hzz0vXD+zn+7wypEe4fXQxCmdmqfGsEPQxmiCSQI3ajFV91bVSsvNtrJRiW6nGng==}
    engines: {node: '>=10'}
    dependencies:
      locate-path: 6.0.0
      path-exists: 4.0.0
    dev: true

  /fs.realpath@1.0.0:
    resolution: {integrity: sha512-OO0pH2lK6a0hZnAdau5ItzHPI6pUlvI7jMVnxUQRtw4owF2wk8lOSabtGDCTP4Ggrg2MbGnWO9X8K1t4+fGMDw==}
    dev: true

  /fsevents@2.3.2:
    resolution: {integrity: sha512-xiqMQR4xAeHTuB9uWm+fFRcIOgKBMiOBP+eXiyT7jsgVCq1bkVygt00oASowB7EdtpOHaaPgKt812P9ab+DDKA==}
    engines: {node: ^8.16.0 || ^10.6.0 || >=11.0.0}
    os: [darwin]
    requiresBuild: true
    dev: true
    optional: true

  /glob-parent@5.1.2:
    resolution: {integrity: sha512-AOIgSQCepiJYwP3ARnGx+5VnTu2HBYdzbGP45eLw1vr3zB3vZLeyed1sC9hnbcOc9/SrMyM5RPQrkGz4aS9Zow==}
    engines: {node: '>= 6'}
    dependencies:
      is-glob: 4.0.3
    dev: true

  /glob@9.3.2:
    resolution: {integrity: sha512-BTv/JhKXFEHsErMte/AnfiSv8yYOLLiyH2lTg8vn02O21zWFgHPTfxtgn1QRe7NRgggUhC8hacR2Re94svHqeA==}
    engines: {node: '>=16 || 14 >=14.17'}
    dependencies:
      fs.realpath: 1.0.0
      minimatch: 7.4.6
      minipass: 4.2.8
      path-scurry: 1.9.2
    dev: true

  /https-proxy-agent@5.0.1:
    resolution: {integrity: sha512-dFcAjpTQFgoLMzC2VwU+C/CbS7uRL0lWmxDITmqm7C+7F0Odmj6s9l6alZc6AELXhrnggM2CeWSXHGOdX2YtwA==}
    engines: {node: '>= 6'}
    dependencies:
      agent-base: 6.0.2
      debug: 4.3.4
    transitivePeerDependencies:
      - supports-color

  /is-binary-path@2.1.0:
    resolution: {integrity: sha512-ZMERYes6pDydyuGidse7OsHxtbI7WVeUEozgR/g7rd0xUimYNlvZRE/K2MgZTjWy725IfelLeVcEM97mmtRGXw==}
    engines: {node: '>=8'}
    dependencies:
      binary-extensions: 2.2.0
    dev: true

  /is-extglob@2.1.1:
    resolution: {integrity: sha512-SbKbANkN603Vi4jEZv49LeVJMn4yGwsbzZworEoyEiutsN3nJYdbO36zfhGJ6QEDpOZIFkDtnq5JRxmvl3jsoQ==}
    engines: {node: '>=0.10.0'}
    dev: true

  /is-glob@4.0.3:
    resolution: {integrity: sha512-xelSayHH36ZgE7ZWhli7pW34hNbNl8Ojv5KVmkJD4hBdD3th8Tfk9vYasLM+mXWOZhFkgZfxhLSnrwRr4elSSg==}
    engines: {node: '>=0.10.0'}
    dependencies:
      is-extglob: 2.1.1
    dev: true

  /is-number@7.0.0:
    resolution: {integrity: sha512-41Cifkg6e8TylSpdtTpeLVMqvSBEVzTttHvERD741+pnZ8ANv0004MRL43QKPDlK9cGvNp6NZWZUBlbGXYxxng==}
    engines: {node: '>=0.12.0'}
    dev: true

  /isexe@2.0.0:
    resolution: {integrity: sha512-RHxMLp9lnKHGHRng9QFhRCMbYAcVpn69smSGcq3f36xjgVVWThj4qqLbTLlq7Ssj8B+fIQ1EuCEGI2lKsyQeIw==}
    dev: true

  /locate-path@6.0.0:
    resolution: {integrity: sha512-iPZK6eYjbxRu3uB4/WZ3EsEIMJFMqAoopl3R+zuq0UjcAm/MO6KCweDgPfP3elTztoKP3KtnVHxTn2NHBSDVUw==}
    engines: {node: '>=10'}
    dependencies:
      p-locate: 5.0.0
    dev: true

  /lru-cache@9.1.2:
    resolution: {integrity: sha512-ERJq3FOzJTxBbFjZ7iDs+NiK4VI9Wz+RdrrAB8dio1oV+YvdPzUEE4QNiT2VD51DkIbCYRUUzCRkssXCHqSnKQ==}
    engines: {node: 14 || >=16.14}
    dev: true

  /lru_map@0.3.3:
    resolution: {integrity: sha512-Pn9cox5CsMYngeDbmChANltQl+5pi6XmTrraMSzhPmMBbmgcxmqWry0U3PGapCU1yB4/LqCcom7qhHZiF/jGfQ==}

  /magic-string@0.27.0:
    resolution: {integrity: sha512-8UnnX2PeRAPZuN12svgR9j7M1uWMovg/CEnIwIG0LFkXSJJe4PdfUGiTGl8V9bsBHFUtfVINcSyYxd7q+kx9fA==}
    engines: {node: '>=12'}
    dependencies:
      '@jridgewell/sourcemap-codec': 1.4.15
    dev: true

  /minimatch@7.4.6:
    resolution: {integrity: sha512-sBz8G/YjVniEz6lKPNpKxXwazJe4c19fEfV2GDMX6AjFz+MX9uDWIZW8XreVhkFW3fkIdTv/gxWr/Kks5FFAVw==}
    engines: {node: '>=10'}
    dependencies:
      brace-expansion: 2.0.1
    dev: true

  /minipass@4.2.8:
    resolution: {integrity: sha512-fNzuVyifolSLFL4NzpF+wEF4qrgqaaKX0haXPQEdQ7NKAN+WecoKMHV09YcuL/DHxrUsYQOK3MiuDf7Ip2OXfQ==}
    engines: {node: '>=8'}
    dev: true

  /minipass@6.0.2:
    resolution: {integrity: sha512-MzWSV5nYVT7mVyWCwn2o7JH13w2TBRmmSqSRCKzTw+lmft9X4z+3wjvs06Tzijo5z4W/kahUCDpRXTF+ZrmF/w==}
    engines: {node: '>=16 || 14 >=14.17'}
    dev: true

  /ms@2.1.2:
    resolution: {integrity: sha512-sGkPx+VjMtmA6MX27oA4FBFELFCZZ4S4XqeGOXCv68tT+jb3vk/RyaKWP0PTKyWtmLSM0b+adUTEvbs1PEaH2w==}

  /node-fetch@2.6.11:
    resolution: {integrity: sha512-4I6pdBY1EthSqDmJkiNk3JIT8cswwR9nfeW/cPdUagJYEQG7R95WRH74wpz7ma8Gh/9dI9FP+OU+0E4FvtA55w==}
    engines: {node: 4.x || >=6.0.0}
    peerDependencies:
      encoding: ^0.1.0
    peerDependenciesMeta:
      encoding:
        optional: true
    dependencies:
      whatwg-url: 5.0.0
    dev: true

  /normalize-path@3.0.0:
    resolution: {integrity: sha512-6eZs5Ls3WtCisHWp9S2GUy8dqkpGi4BVSz3GaqiE6ezub0512ESztXUwUB6C6IKbQkY2Pnb/mD4WYojCRwcwLA==}
    engines: {node: '>=0.10.0'}
    dev: true

  /p-limit@3.1.0:
    resolution: {integrity: sha512-TYOanM3wGwNGsZN2cVTYPArw454xnXj5qmWF1bEoAc4+cU/ol7GVh7odevjp1FNHduHc3KZMcFduxU5Xc6uJRQ==}
    engines: {node: '>=10'}
    dependencies:
      yocto-queue: 0.1.0
    dev: true

  /p-locate@5.0.0:
    resolution: {integrity: sha512-LaNjtRWUBY++zB5nE/NwcaoMylSPk+S+ZHNB1TzdbMJMny6dynpAGt7X/tl/QYq3TIeE6nxHppbo2LGymrG5Pw==}
    engines: {node: '>=10'}
    dependencies:
      p-limit: 3.1.0
    dev: true

  /path-exists@4.0.0:
    resolution: {integrity: sha512-ak9Qy5Q7jYb2Wwcey5Fpvg2KoAc/ZIhLSLOSBmRmygPsGwkVVt0fZa0qrtMz+m6tJTAHfZQ8FnmB4MG4LWy7/w==}
    engines: {node: '>=8'}
    dev: true

  /path-scurry@1.9.2:
    resolution: {integrity: sha512-qSDLy2aGFPm8i4rsbHd4MNyTcrzHFsLQykrtbuGRknZZCBBVXSv2tSCDN2Cg6Rt/GFRw8GoW9y9Ecw5rIPG1sg==}
    engines: {node: '>=16 || 14 >=14.17'}
    dependencies:
      lru-cache: 9.1.2
      minipass: 6.0.2
    dev: true

  /picomatch@2.3.1:
    resolution: {integrity: sha512-JU3teHTNjmE2VCGFzuY8EXzCDVwEqB2a8fsIvwaStHhAWJEeVd1o1QD80CU6+ZdEXXSLbSsuLwJjkCBWqRQUVA==}
    engines: {node: '>=8.6'}
    dev: true

  /progress@2.0.3:
    resolution: {integrity: sha512-7PiHtLll5LdnKIMw100I+8xJXR5gW2QwWYkT6iJva0bXitZKa/XMrSbdmg3r2Xnaidz9Qumd0VPaMrZlF9V9sA==}
    engines: {node: '>=0.4.0'}
    dev: true

  /proxy-from-env@1.1.0:
    resolution: {integrity: sha512-D+zkORCbA9f1tdWRK0RaCR3GPv50cMxcrz4X8k5LTSUD1Dkw47mKJEZQNunItRTkWwgtaUSo1RVFRIG9ZXiFYg==}
    dev: true

  /readdirp@3.6.0:
    resolution: {integrity: sha512-hOS089on8RduqdbhvQ5Z37A0ESjsqz6qnRcffsMU3495FuTdqSm+7bhJ29JvIOsBDEEnan5DPu9t3To9VRlMzA==}
    engines: {node: '>=8.10.0'}
    dependencies:
      picomatch: 2.3.1
    dev: true

  /to-regex-range@5.0.1:
    resolution: {integrity: sha512-65P7iz6X5yEr1cwcgvQxbbIw7Uk3gOy5dIdtZ4rDveLqhrdJP+Li/Hx6tyK0NEb+2GCyneCMJiGqrADCSNk8sQ==}
    engines: {node: '>=8.0'}
    dependencies:
      is-number: 7.0.0
    dev: true

  /tr46@0.0.3:
    resolution: {integrity: sha512-N3WMsuqV66lT30CrXNbEjx4GEwlow3v6rr4mCcv6prnfwhS01rkgyFdjPNBYd9br7LpXV1+Emh01fHnq2Gdgrw==}
    dev: true

  /tslib@1.14.1:
    resolution: {integrity: sha512-Xni35NKzjgMrwevysHTCArtLDpPvye8zV/0E4EyYn43P7/7qvQwPh9BGkHewbMulVntbigmcT7rdX3BNo9wRJg==}

  /unplugin@1.0.1:
    resolution: {integrity: sha512-aqrHaVBWW1JVKBHmGo33T5TxeL0qWzfvjWokObHA9bYmN7eNDkwOxmLjhioHl9878qDFMAaT51XNroRyuz7WxA==}
    dependencies:
      acorn: 8.8.2
      chokidar: 3.5.3
      webpack-sources: 3.2.3
      webpack-virtual-modules: 0.5.0
    dev: true

  /uuid@9.0.0:
    resolution: {integrity: sha512-MXcSTerfPa4uqyzStbRoTgt5XIe3x5+42+q1sDuy3R5MDk66URdLMOZe5aPX/SQd+kuYAh0FdP/pO28IkQyTeg==}
    hasBin: true
    dev: true

  /webidl-conversions@3.0.1:
    resolution: {integrity: sha512-2JAn3z8AR6rjK8Sm8orRC0h/bcl/DqL7tRPdGZ4I1CjdF+EaMLmYxBHyXuKL849eucPFhvBoxMsflfOb8kxaeQ==}
    dev: true

  /webpack-sources@3.2.3:
    resolution: {integrity: sha512-/DyMEOrDgLKKIG0fmvtz+4dUX/3Ghozwgm6iPp8KRhvn+eQf9+Q7GWxVNMk3+uCPWfdXYC4ExGBckIXdFEfH1w==}
    engines: {node: '>=10.13.0'}
    dev: true

  /webpack-virtual-modules@0.5.0:
    resolution: {integrity: sha512-kyDivFZ7ZM0BVOUteVbDFhlRt7Ah/CSPwJdi8hBpkK7QLumUqdLtVfm/PX/hkcnrvr0i77fO5+TjZ94Pe+C9iw==}
    dev: true

  /whatwg-url@5.0.0:
    resolution: {integrity: sha512-saE57nupxk6v3HY35+jzBwYa0rKSy0XR8JSxZPwgLr7ys0IBzhGviA1/TUGJLmSVqs8pb9AnvICXEuOHLprYTw==}
    dependencies:
      tr46: 0.0.3
      webidl-conversions: 3.0.1
    dev: true

  /which@2.0.2:
    resolution: {integrity: sha512-BLI3Tl1TW3Pvl70l3yq3Y64i+awpwXqsGBYWkkqMtnbXgrMD+yj7rhW0kuEDxzJaYXGjEW5ogapKNMEKNMjibA==}
    engines: {node: '>= 8'}
    hasBin: true
    dependencies:
      isexe: 2.0.0
    dev: true

  /yocto-queue@0.1.0:
    resolution: {integrity: sha512-rVksvsnNCdJ/ohGc6xgPwyN8eheCxsiLM8mxuE/t/mOVqJewPuO1miLpTHQiRgTKCLexL4MeAFVagts7HmNZ2Q==}
    engines: {node: '>=10'}
    dev: true
